
Microsoft Visual Studio Solution File, Format Version 12.00
# Visual Studio Version 17
VisualStudioVersion = 17.6.33829.357
MinimumVisualStudioVersion = 10.0.40219.1
Project("{FAE04EC0-301F-11D3-BF4B-00C04F79EFBC}") = "SharpReel", "SharpReel\SharpReel.csproj", "{BC073FE6-B2D3-456B-8F55-5A11EC9E9596}"
EndProject
Project("{FAE04EC0-301F-11D3-BF4B-00C04F79EFBC}") = "SharpReelTest", "SharpReelTest\SharpReelTest.csproj", "{E380BAB9-0339-42B2-ACB4-5F6CD82BEA1B}"
EndProject
Global
	GlobalSection(SolutionConfigurationPlatforms) = preSolution
		Debug|Any CPU = Debug|Any CPU
		Release|Any CPU = Release|Any CPU
	EndGlobalSection
	GlobalSection(ProjectConfigurationPlatforms) = postSolution
		{BC073FE6-B2D3-456B-8F55-5A11EC9E9596}.Debug|Any CPU.ActiveCfg = Debug|Any CPU
		{BC073FE6-B2D3-456B-8F55-5A11EC9E9596}.Debug|Any CPU.Build.0 = Debug|Any CPU
		{BC073FE6-B2D3-456B-8F55-5A11EC9E9596}.Release|Any CPU.ActiveCfg = Release|Any CPU
		{BC073FE6-B2D3-456B-8F55-5A11EC9E9596}.Release|Any CPU.Build.0 = Release|Any CPU
		{E380BAB9-0339-42B2-ACB4-5F6CD82BEA1B}.Debug|Any CPU.ActiveCfg = Debug|Any CPU
		{E380BAB9-0339-42B2-ACB4-5F6CD82BEA1B}.Debug|Any CPU.Build.0 = Debug|Any CPU
		{E380BAB9-0339-42B2-ACB4-5F6CD82BEA1B}.Release|Any CPU.ActiveCfg = Release|Any CPU
		{E380BAB9-0339-42B2-ACB4-5F6CD82BEA1B}.Release|Any CPU.Build.0 = Release|Any CPU
	EndGlobalSection
	GlobalSection(SolutionProperties) = preSolution
		HideSolutionNode = FALSE
	EndGlobalSection
	GlobalSection(ExtensibilityGlobals) = postSolution
		SolutionGuid = {EB1BF3F5-63C8-43EF-8FD5-B9E1CF02938C}
	EndGlobalSection
EndGlobal
